// !$*UTF8*$!
{
	archiveVersion = 1;
	classes = {
	};
	objectVersion = 51;
	objects = {

/* Begin PBXBuildFile section */
		1B0BC44524257E550034D01A /* DailyLog.swift in Sources */ = {isa = PBXBuildFile; fileRef = 1B0BC44424257E550034D01A /* DailyLog.swift */; };
		1B551A4B24C65C8400BC9D64 /* RealmKit.swift in Sources */ = {isa = PBXBuildFile; fileRef = 1B551A4A24C65C8400BC9D64 /* RealmKit.swift */; };
		1B61867D241F9F8A00600255 /* AppDelegate.swift in Sources */ = {isa = PBXBuildFile; fileRef = 1B61867C241F9F8A00600255 /* AppDelegate.swift */; };
		1B61867F241F9F8A00600255 /* SceneDelegate.swift in Sources */ = {isa = PBXBuildFile; fileRef = 1B61867E241F9F8A00600255 /* SceneDelegate.swift */; };
		1B618681241F9F8A00600255 /* ViewController.swift in Sources */ = {isa = PBXBuildFile; fileRef = 1B618680241F9F8A00600255 /* ViewController.swift */; };
		1B618684241F9F8A00600255 /* Main.storyboard in Resources */ = {isa = PBXBuildFile; fileRef = 1B618682241F9F8A00600255 /* Main.storyboard */; };
		1B618687241F9F8A00600255 /* NeedToMeasureDrink.xcdatamodeld in Sources */ = {isa = PBXBuildFile; fileRef = 1B618685241F9F8A00600255 /* NeedToMeasureDrink.xcdatamodeld */; };
		1B618689241F9F8D00600255 /* Assets.xcassets in Resources */ = {isa = PBXBuildFile; fileRef = 1B618688241F9F8D00600255 /* Assets.xcassets */; };
		1B61868C241F9F8D00600255 /* LaunchScreen.storyboard in Resources */ = {isa = PBXBuildFile; fileRef = 1B61868A241F9F8D00600255 /* LaunchScreen.storyboard */; };
		1B6186A32422B46C00600255 /* MainViewController.swift in Sources */ = {isa = PBXBuildFile; fileRef = 1B6186A12422B46C00600255 /* MainViewController.swift */; };
		1B6186AB2423F56600600255 /* MainViewCell.swift in Sources */ = {isa = PBXBuildFile; fileRef = 1B6186A92423F56600600255 /* MainViewCell.swift */; };
		1B6186AC2423F56600600255 /* MainViewCell.xib in Resources */ = {isa = PBXBuildFile; fileRef = 1B6186AA2423F56600600255 /* MainViewCell.xib */; };
		1B6492A7242778B300DEFBFE /* DailyLogTableViewController.swift in Sources */ = {isa = PBXBuildFile; fileRef = 1B6492A6242778B300DEFBFE /* DailyLogTableViewController.swift */; };
		1B6492A92427EDC700DEFBFE /* Category.swift in Sources */ = {isa = PBXBuildFile; fileRef = 1B6492A82427EDC700DEFBFE /* Category.swift */; };
		1B6492AE24295DEC00DEFBFE /* ItemAndLogSearchBar.swift in Sources */ = {isa = PBXBuildFile; fileRef = 1B6492AD24295DEC00DEFBFE /* ItemAndLogSearchBar.swift */; };
		1B7F536F2454141A00BD1FF0 /* LoginServices.swift in Sources */ = {isa = PBXBuildFile; fileRef = 1B7F536E2454141A00BD1FF0 /* LoginServices.swift */; };
		1B7F5371245418F300BD1FF0 /* KeyChainItem.swift in Sources */ = {isa = PBXBuildFile; fileRef = 1B7F5370245418F300BD1FF0 /* KeyChainItem.swift */; };
		1BD00440249B1B8000A271CA /* NeedToMeasureDrinkTests.swift in Sources */ = {isa = PBXBuildFile; fileRef = 1BD0043F249B1B8000A271CA /* NeedToMeasureDrinkTests.swift */; };
		1F7FD05F6657FEE2CA89A51E /* libPods-NeedToMeasureDrinkTests.a in Frameworks */ = {isa = PBXBuildFile; fileRef = 26624FEE375476A4A6152153 /* libPods-NeedToMeasureDrinkTests.a */; };
		2A586DD1AEE89E0545FE0005 /* libPods-NeedToMeasureDrink.a in Frameworks */ = {isa = PBXBuildFile; fileRef = 192C0847493D4216185A9A70 /* libPods-NeedToMeasureDrink.a */; };
/* End PBXBuildFile section */

/* Begin PBXContainerItemProxy section */
		1BD00442249B1B8000A271CA /* PBXContainerItemProxy */ = {
			isa = PBXContainerItemProxy;
			containerPortal = 1B618671241F9F8A00600255 /* Project object */;
			proxyType = 1;
			remoteGlobalIDString = 1B618678241F9F8A00600255;
			remoteInfo = NeedToMeasureDrink;
		};
/* End PBXContainerItemProxy section */

/* Begin PBXFileReference section */
		192C0847493D4216185A9A70 /* libPods-NeedToMeasureDrink.a */ = {isa = PBXFileReference; explicitFileType = archive.ar; includeInIndex = 0; path = "libPods-NeedToMeasureDrink.a"; sourceTree = BUILT_PRODUCTS_DIR; };
		1B0BC44424257E550034D01A /* DailyLog.swift */ = {isa = PBXFileReference; lastKnownFileType = sourcecode.swift; path = DailyLog.swift; sourceTree = "<group>"; };
		1B4CC90824259571009CD06E /* Realm.framework */ = {isa = PBXFileReference; explicitFileType = wrapper.framework; path = Realm.framework; sourceTree = BUILT_PRODUCTS_DIR; };
		1B4CC90F24259726009CD06E /* RealmSwift.framework */ = {isa = PBXFileReference; explicitFileType = wrapper.framework; path = RealmSwift.framework; sourceTree = BUILT_PRODUCTS_DIR; };
		1B4CC91224259736009CD06E /* Realm.framework */ = {isa = PBXFileReference; explicitFileType = wrapper.framework; path = Realm.framework; sourceTree = BUILT_PRODUCTS_DIR; };
		1B4CC9152425975B009CD06E /* RealmSwift.framework */ = {isa = PBXFileReference; explicitFileType = wrapper.framework; path = RealmSwift.framework; sourceTree = BUILT_PRODUCTS_DIR; };
		1B551A4A24C65C8400BC9D64 /* RealmKit.swift */ = {isa = PBXFileReference; lastKnownFileType = sourcecode.swift; path = RealmKit.swift; sourceTree = "<group>"; };
		1B618679241F9F8A00600255 /* NeedToMeasureDrink.app */ = {isa = PBXFileReference; explicitFileType = wrapper.application; includeInIndex = 0; path = NeedToMeasureDrink.app; sourceTree = BUILT_PRODUCTS_DIR; };
		1B61867C241F9F8A00600255 /* AppDelegate.swift */ = {isa = PBXFileReference; lastKnownFileType = sourcecode.swift; path = AppDelegate.swift; sourceTree = "<group>"; };
		1B61867E241F9F8A00600255 /* SceneDelegate.swift */ = {isa = PBXFileReference; lastKnownFileType = sourcecode.swift; path = SceneDelegate.swift; sourceTree = "<group>"; };
		1B618680241F9F8A00600255 /* ViewController.swift */ = {isa = PBXFileReference; lastKnownFileType = sourcecode.swift; path = ViewController.swift; sourceTree = "<group>"; };
		1B618683241F9F8A00600255 /* Base */ = {isa = PBXFileReference; lastKnownFileType = file.storyboard; name = Base; path = Base.lproj/Main.storyboard; sourceTree = "<group>"; };
		1B618686241F9F8A00600255 /* NeedToMeasureDrink.xcdatamodel */ = {isa = PBXFileReference; lastKnownFileType = wrapper.xcdatamodel; path = NeedToMeasureDrink.xcdatamodel; sourceTree = "<group>"; };
		1B618688241F9F8D00600255 /* Assets.xcassets */ = {isa = PBXFileReference; lastKnownFileType = folder.assetcatalog; path = Assets.xcassets; sourceTree = "<group>"; };
		1B61868B241F9F8D00600255 /* Base */ = {isa = PBXFileReference; lastKnownFileType = file.storyboard; name = Base; path = Base.lproj/LaunchScreen.storyboard; sourceTree = "<group>"; };
		1B61868D241F9F8D00600255 /* Info.plist */ = {isa = PBXFileReference; lastKnownFileType = text.plist.xml; path = Info.plist; sourceTree = "<group>"; };
		1B6186A12422B46C00600255 /* MainViewController.swift */ = {isa = PBXFileReference; lastKnownFileType = sourcecode.swift; path = MainViewController.swift; sourceTree = "<group>"; };
		1B6186A92423F56600600255 /* MainViewCell.swift */ = {isa = PBXFileReference; lastKnownFileType = sourcecode.swift; path = MainViewCell.swift; sourceTree = "<group>"; };
		1B6186AA2423F56600600255 /* MainViewCell.xib */ = {isa = PBXFileReference; lastKnownFileType = file.xib; path = MainViewCell.xib; sourceTree = "<group>"; };
		1B6492A6242778B300DEFBFE /* DailyLogTableViewController.swift */ = {isa = PBXFileReference; lastKnownFileType = sourcecode.swift; path = DailyLogTableViewController.swift; sourceTree = "<group>"; };
		1B6492A82427EDC700DEFBFE /* Category.swift */ = {isa = PBXFileReference; lastKnownFileType = sourcecode.swift; path = Category.swift; sourceTree = "<group>"; };
		1B6492AD24295DEC00DEFBFE /* ItemAndLogSearchBar.swift */ = {isa = PBXFileReference; lastKnownFileType = sourcecode.swift; path = ItemAndLogSearchBar.swift; sourceTree = "<group>"; };
		1B7F536E2454141A00BD1FF0 /* LoginServices.swift */ = {isa = PBXFileReference; lastKnownFileType = sourcecode.swift; path = LoginServices.swift; sourceTree = "<group>"; };
		1B7F5370245418F300BD1FF0 /* KeyChainItem.swift */ = {isa = PBXFileReference; lastKnownFileType = sourcecode.swift; path = KeyChainItem.swift; sourceTree = "<group>"; };
		1BD0043D249B1B8000A271CA /* NeedToMeasureDrinkTests.xctest */ = {isa = PBXFileReference; explicitFileType = wrapper.cfbundle; includeInIndex = 0; path = NeedToMeasureDrinkTests.xctest; sourceTree = BUILT_PRODUCTS_DIR; };
		1BD0043F249B1B8000A271CA /* NeedToMeasureDrinkTests.swift */ = {isa = PBXFileReference; lastKnownFileType = sourcecode.swift; path = NeedToMeasureDrinkTests.swift; sourceTree = "<group>"; };
		1BD00441249B1B8000A271CA /* Info.plist */ = {isa = PBXFileReference; lastKnownFileType = text.plist.xml; path = Info.plist; sourceTree = "<group>"; };
		26624FEE375476A4A6152153 /* libPods-NeedToMeasureDrinkTests.a */ = {isa = PBXFileReference; explicitFileType = archive.ar; includeInIndex = 0; path = "libPods-NeedToMeasureDrinkTests.a"; sourceTree = BUILT_PRODUCTS_DIR; };
		44551AECDC65B71827DB4FA0 /* Pods_NeedToMeasureDrink.framework */ = {isa = PBXFileReference; explicitFileType = wrapper.framework; includeInIndex = 0; path = Pods_NeedToMeasureDrink.framework; sourceTree = BUILT_PRODUCTS_DIR; };
		9360350743363C7836CD23A5 /* Pods-NeedToMeasureDrink.debug.xcconfig */ = {isa = PBXFileReference; includeInIndex = 1; lastKnownFileType = text.xcconfig; name = "Pods-NeedToMeasureDrink.debug.xcconfig"; path = "Target Support Files/Pods-NeedToMeasureDrink/Pods-NeedToMeasureDrink.debug.xcconfig"; sourceTree = "<group>"; };
		A81CF5783C319204EB6624BA /* Pods-NeedToMeasureDrinkTests.debug.xcconfig */ = {isa = PBXFileReference; includeInIndex = 1; lastKnownFileType = text.xcconfig; name = "Pods-NeedToMeasureDrinkTests.debug.xcconfig"; path = "Target Support Files/Pods-NeedToMeasureDrinkTests/Pods-NeedToMeasureDrinkTests.debug.xcconfig"; sourceTree = "<group>"; };
		E6CF18FECA02583BF1546731 /* Pods-NeedToMeasureDrinkTests.release.xcconfig */ = {isa = PBXFileReference; includeInIndex = 1; lastKnownFileType = text.xcconfig; name = "Pods-NeedToMeasureDrinkTests.release.xcconfig"; path = "Target Support Files/Pods-NeedToMeasureDrinkTests/Pods-NeedToMeasureDrinkTests.release.xcconfig"; sourceTree = "<group>"; };
		EBFA1442B4626CABAD09EF5F /* Pods-NeedToMeasureDrink.release.xcconfig */ = {isa = PBXFileReference; includeInIndex = 1; lastKnownFileType = text.xcconfig; name = "Pods-NeedToMeasureDrink.release.xcconfig"; path = "Target Support Files/Pods-NeedToMeasureDrink/Pods-NeedToMeasureDrink.release.xcconfig"; sourceTree = "<group>"; };
/* End PBXFileReference section */

/* Begin PBXFrameworksBuildPhase section */
		1B618676241F9F8A00600255 /* Frameworks */ = {
			isa = PBXFrameworksBuildPhase;
			buildActionMask = 2147483647;
			files = (
				2A586DD1AEE89E0545FE0005 /* libPods-NeedToMeasureDrink.a in Frameworks */,
			);
			runOnlyForDeploymentPostprocessing = 0;
		};
		1BD0043A249B1B8000A271CA /* Frameworks */ = {
			isa = PBXFrameworksBuildPhase;
			buildActionMask = 2147483647;
			files = (
				1F7FD05F6657FEE2CA89A51E /* libPods-NeedToMeasureDrinkTests.a in Frameworks */,
			);
			runOnlyForDeploymentPostprocessing = 0;
		};
/* End PBXFrameworksBuildPhase section */

/* Begin PBXGroup section */
		009DF9CD992CF7EFC25060C1 /* Pods */ = {
			isa = PBXGroup;
			children = (
				9360350743363C7836CD23A5 /* Pods-NeedToMeasureDrink.debug.xcconfig */,
				EBFA1442B4626CABAD09EF5F /* Pods-NeedToMeasureDrink.release.xcconfig */,
				A81CF5783C319204EB6624BA /* Pods-NeedToMeasureDrinkTests.debug.xcconfig */,
				E6CF18FECA02583BF1546731 /* Pods-NeedToMeasureDrinkTests.release.xcconfig */,
			);
			path = Pods;
			sourceTree = "<group>";
		};
		1B618670241F9F8A00600255 = {
			isa = PBXGroup;
			children = (
				1B61867B241F9F8A00600255 /* NeedToMeasureDrink */,
				1BD0043E249B1B8000A271CA /* NeedToMeasureDrinkTests */,
				1B61867A241F9F8A00600255 /* Products */,
				009DF9CD992CF7EFC25060C1 /* Pods */,
				D5C8710CEDA74A700A033B8B /* Frameworks */,
				1B6492A32425E51000DEFBFE /* Recovered References */,
			);
			sourceTree = "<group>";
		};
		1B61867A241F9F8A00600255 /* Products */ = {
			isa = PBXGroup;
			children = (
				1B618679241F9F8A00600255 /* NeedToMeasureDrink.app */,
				1BD0043D249B1B8000A271CA /* NeedToMeasureDrinkTests.xctest */,
			);
			name = Products;
			sourceTree = "<group>";
		};
		1B61867B241F9F8A00600255 /* NeedToMeasureDrink */ = {
			isa = PBXGroup;
			children = (
				1B618693241F9FA300600255 /* Supporting Files */,
				1B6186942420E04000600255 /* Controller */,
				1B6492AA2427EDD100DEFBFE /* Model */,
				1B618682241F9F8A00600255 /* Main.storyboard */,
				1B61868D241F9F8D00600255 /* Info.plist */,
				1B618685241F9F8A00600255 /* NeedToMeasureDrink.xcdatamodeld */,
			);
			path = NeedToMeasureDrink;
			sourceTree = "<group>";
		};
		1B618693241F9FA300600255 /* Supporting Files */ = {
			isa = PBXGroup;
			children = (
				1B61867C241F9F8A00600255 /* AppDelegate.swift */,
				1B61867E241F9F8A00600255 /* SceneDelegate.swift */,
				1B618688241F9F8D00600255 /* Assets.xcassets */,
				1B61868A241F9F8D00600255 /* LaunchScreen.storyboard */,
				1B7F536E2454141A00BD1FF0 /* LoginServices.swift */,
			);
			path = "Supporting Files";
			sourceTree = "<group>";
		};
		1B6186942420E04000600255 /* Controller */ = {
			isa = PBXGroup;
			children = (
				1B618680241F9F8A00600255 /* ViewController.swift */,
				1B6186A12422B46C00600255 /* MainViewController.swift */,
				1B6492AD24295DEC00DEFBFE /* ItemAndLogSearchBar.swift */,
				1B6492A6242778B300DEFBFE /* DailyLogTableViewController.swift */,
				1B6186A92423F56600600255 /* MainViewCell.swift */,
				1B6186AA2423F56600600255 /* MainViewCell.xib */,
			);
			path = Controller;
			sourceTree = "<group>";
		};
		1B6492A32425E51000DEFBFE /* Recovered References */ = {
			isa = PBXGroup;
			children = (
				44551AECDC65B71827DB4FA0 /* Pods_NeedToMeasureDrink.framework */,
			);
			name = "Recovered References";
			sourceTree = "<group>";
		};
		1B6492AA2427EDD100DEFBFE /* Model */ = {
			isa = PBXGroup;
			children = (
				1B0BC44424257E550034D01A /* DailyLog.swift */,
				1B7F5370245418F300BD1FF0 /* KeyChainItem.swift */,
				1B6492A82427EDC700DEFBFE /* Category.swift */,
				1B551A4A24C65C8400BC9D64 /* RealmKit.swift */,
			);
			path = Model;
			sourceTree = "<group>";
		};
		1BD0043E249B1B8000A271CA /* NeedToMeasureDrinkTests */ = {
			isa = PBXGroup;
			children = (
				1BD0043F249B1B8000A271CA /* NeedToMeasureDrinkTests.swift */,
				1BD00441249B1B8000A271CA /* Info.plist */,
			);
			path = NeedToMeasureDrinkTests;
			sourceTree = "<group>";
		};
		D5C8710CEDA74A700A033B8B /* Frameworks */ = {
			isa = PBXGroup;
			children = (
				1B4CC9152425975B009CD06E /* RealmSwift.framework */,
				1B4CC91224259736009CD06E /* Realm.framework */,
				1B4CC90F24259726009CD06E /* RealmSwift.framework */,
				1B4CC90824259571009CD06E /* Realm.framework */,
				192C0847493D4216185A9A70 /* libPods-NeedToMeasureDrink.a */,
				26624FEE375476A4A6152153 /* libPods-NeedToMeasureDrinkTests.a */,
			);
			name = Frameworks;
			sourceTree = "<group>";
		};
/* End PBXGroup section */

/* Begin PBXNativeTarget section */
		1B618678241F9F8A00600255 /* NeedToMeasureDrink */ = {
			isa = PBXNativeTarget;
			buildConfigurationList = 1B618690241F9F8D00600255 /* Build configuration list for PBXNativeTarget "NeedToMeasureDrink" */;
			buildPhases = (
				6F1FD7E72A9A41DF6219B2DD /* [CP] Check Pods Manifest.lock */,
				1B618675241F9F8A00600255 /* Sources */,
				1B618676241F9F8A00600255 /* Frameworks */,
				1B618677241F9F8A00600255 /* Resources */,
				CE16A83EE4FE0D5C618CBC69 /* [CP] Copy Pods Resources */,
			);
			buildRules = (
			);
			dependencies = (
			);
			name = NeedToMeasureDrink;
			productName = NeedToMeasureDrink;
			productReference = 1B618679241F9F8A00600255 /* NeedToMeasureDrink.app */;
			productType = "com.apple.product-type.application";
		};
		1BD0043C249B1B8000A271CA /* NeedToMeasureDrinkTests */ = {
			isa = PBXNativeTarget;
			buildConfigurationList = 1BD00446249B1B8000A271CA /* Build configuration list for PBXNativeTarget "NeedToMeasureDrinkTests" */;
			buildPhases = (
				4231AFBB27C930C2C3BFB22D /* [CP] Check Pods Manifest.lock */,
				1BD00439249B1B8000A271CA /* Sources */,
				1BD0043A249B1B8000A271CA /* Frameworks */,
				1BD0043B249B1B8000A271CA /* Resources */,
				FB75195CA2843BD402415D35 /* [CP] Copy Pods Resources */,
			);
			buildRules = (
			);
			dependencies = (
				1BD00443249B1B8000A271CA /* PBXTargetDependency */,
			);
			name = NeedToMeasureDrinkTests;
			productName = NeedToMeasureDrinkTests;
			productReference = 1BD0043D249B1B8000A271CA /* NeedToMeasureDrinkTests.xctest */;
			productType = "com.apple.product-type.bundle.unit-test";
		};
/* End PBXNativeTarget section */

/* Begin PBXProject section */
		1B618671241F9F8A00600255 /* Project object */ = {
			isa = PBXProject;
			attributes = {
				LastSwiftUpdateCheck = 1150;
				LastUpgradeCheck = 1130;
				ORGANIZATIONNAME = "Sanghwi Back";
				TargetAttributes = {
					1B618678241F9F8A00600255 = {
						CreatedOnToolsVersion = 11.3.1;
					};
					1BD0043C249B1B8000A271CA = {
						CreatedOnToolsVersion = 11.5;
						TestTargetID = 1B618678241F9F8A00600255;
					};
				};
			};
			buildConfigurationList = 1B618674241F9F8A00600255 /* Build configuration list for PBXProject "NeedToMeasureDrink" */;
			compatibilityVersion = "Xcode 9.3";
			developmentRegion = en;
			hasScannedForEncodings = 0;
			knownRegions = (
				en,
				Base,
			);
			mainGroup = 1B618670241F9F8A00600255;
			productRefGroup = 1B61867A241F9F8A00600255 /* Products */;
			projectDirPath = "";
			projectRoot = "";
			targets = (
				1B618678241F9F8A00600255 /* NeedToMeasureDrink */,
				1BD0043C249B1B8000A271CA /* NeedToMeasureDrinkTests */,
			);
		};
/* End PBXProject section */

/* Begin PBXResourcesBuildPhase section */
		1B618677241F9F8A00600255 /* Resources */ = {
			isa = PBXResourcesBuildPhase;
			buildActionMask = 2147483647;
			files = (
				1B61868C241F9F8D00600255 /* LaunchScreen.storyboard in Resources */,
				1B6186AC2423F56600600255 /* MainViewCell.xib in Resources */,
				1B618689241F9F8D00600255 /* Assets.xcassets in Resources */,
				1B618684241F9F8A00600255 /* Main.storyboard in Resources */,
			);
			runOnlyForDeploymentPostprocessing = 0;
		};
		1BD0043B249B1B8000A271CA /* Resources */ = {
			isa = PBXResourcesBuildPhase;
			buildActionMask = 2147483647;
			files = (
			);
			runOnlyForDeploymentPostprocessing = 0;
		};
/* End PBXResourcesBuildPhase section */

/* Begin PBXShellScriptBuildPhase section */
		4231AFBB27C930C2C3BFB22D /* [CP] Check Pods Manifest.lock */ = {
			isa = PBXShellScriptBuildPhase;
			buildActionMask = 2147483647;
			files = (
			);
			inputFileListPaths = (
			);
			inputPaths = (
				"${PODS_PODFILE_DIR_PATH}/Podfile.lock",
				"${PODS_ROOT}/Manifest.lock",
			);
			name = "[CP] Check Pods Manifest.lock";
			outputFileListPaths = (
			);
			outputPaths = (
				"$(DERIVED_FILE_DIR)/Pods-NeedToMeasureDrinkTests-checkManifestLockResult.txt",
			);
			runOnlyForDeploymentPostprocessing = 0;
			shellPath = /bin/sh;
			shellScript = "diff \"${PODS_PODFILE_DIR_PATH}/Podfile.lock\" \"${PODS_ROOT}/Manifest.lock\" > /dev/null\nif [ $? != 0 ] ; then\n    # print error to STDERR\n    echo \"error: The sandbox is not in sync with the Podfile.lock. Run 'pod install' or update your CocoaPods installation.\" >&2\n    exit 1\nfi\n# This output is used by Xcode 'outputs' to avoid re-running this script phase.\necho \"SUCCESS\" > \"${SCRIPT_OUTPUT_FILE_0}\"\n";
			showEnvVarsInLog = 0;
		};
		6F1FD7E72A9A41DF6219B2DD /* [CP] Check Pods Manifest.lock */ = {
			isa = PBXShellScriptBuildPhase;
			buildActionMask = 2147483647;
			files = (
			);
			inputFileListPaths = (
			);
			inputPaths = (
				"${PODS_PODFILE_DIR_PATH}/Podfile.lock",
				"${PODS_ROOT}/Manifest.lock",
			);
			name = "[CP] Check Pods Manifest.lock";
			outputFileListPaths = (
			);
			outputPaths = (
				"$(DERIVED_FILE_DIR)/Pods-NeedToMeasureDrink-checkManifestLockResult.txt",
			);
			runOnlyForDeploymentPostprocessing = 0;
			shellPath = /bin/sh;
			shellScript = "diff \"${PODS_PODFILE_DIR_PATH}/Podfile.lock\" \"${PODS_ROOT}/Manifest.lock\" > /dev/null\nif [ $? != 0 ] ; then\n    # print error to STDERR\n    echo \"error: The sandbox is not in sync with the Podfile.lock. Run 'pod install' or update your CocoaPods installation.\" >&2\n    exit 1\nfi\n# This output is used by Xcode 'outputs' to avoid re-running this script phase.\necho \"SUCCESS\" > \"${SCRIPT_OUTPUT_FILE_0}\"\n";
			showEnvVarsInLog = 0;
		};
		CE16A83EE4FE0D5C618CBC69 /* [CP] Copy Pods Resources */ = {
			isa = PBXShellScriptBuildPhase;
			buildActionMask = 2147483647;
			files = (
			);
			inputFileListPaths = (
				"${PODS_ROOT}/Target Support Files/Pods-NeedToMeasureDrink/Pods-NeedToMeasureDrink-resources-${CONFIGURATION}-input-files.xcfilelist",
			);
			name = "[CP] Copy Pods Resources";
			outputFileListPaths = (
				"${PODS_ROOT}/Target Support Files/Pods-NeedToMeasureDrink/Pods-NeedToMeasureDrink-resources-${CONFIGURATION}-output-files.xcfilelist",
			);
			runOnlyForDeploymentPostprocessing = 0;
			shellPath = /bin/sh;
			shellScript = "\"${PODS_ROOT}/Target Support Files/Pods-NeedToMeasureDrink/Pods-NeedToMeasureDrink-resources.sh\"\n";
			showEnvVarsInLog = 0;
		};
		FB75195CA2843BD402415D35 /* [CP] Copy Pods Resources */ = {
			isa = PBXShellScriptBuildPhase;
			buildActionMask = 2147483647;
			files = (
			);
			inputFileListPaths = (
				"${PODS_ROOT}/Target Support Files/Pods-NeedToMeasureDrinkTests/Pods-NeedToMeasureDrinkTests-resources-${CONFIGURATION}-input-files.xcfilelist",
			);
			name = "[CP] Copy Pods Resources";
			outputFileListPaths = (
				"${PODS_ROOT}/Target Support Files/Pods-NeedToMeasureDrinkTests/Pods-NeedToMeasureDrinkTests-resources-${CONFIGURATION}-output-files.xcfilelist",
			);
			runOnlyForDeploymentPostprocessing = 0;
			shellPath = /bin/sh;
			shellScript = "\"${PODS_ROOT}/Target Support Files/Pods-NeedToMeasureDrinkTests/Pods-NeedToMeasureDrinkTests-resources.sh\"\n";
			showEnvVarsInLog = 0;
		};
/* End PBXShellScriptBuildPhase section */

/* Begin PBXSourcesBuildPhase section */
		1B618675241F9F8A00600255 /* Sources */ = {
			isa = PBXSourcesBuildPhase;
			buildActionMask = 2147483647;
			files = (
				1B7F5371245418F300BD1FF0 /* KeyChainItem.swift in Sources */,
				1B6492A7242778B300DEFBFE /* DailyLogTableViewController.swift in Sources */,
				1B551A4B24C65C8400BC9D64 /* RealmKit.swift in Sources */,
				1B618687241F9F8A00600255 /* NeedToMeasureDrink.xcdatamodeld in Sources */,
				1B618681241F9F8A00600255 /* ViewController.swift in Sources */,
				1B0BC44524257E550034D01A /* DailyLog.swift in Sources */,
				1B61867D241F9F8A00600255 /* AppDelegate.swift in Sources */,
				1B7F536F2454141A00BD1FF0 /* LoginServices.swift in Sources */,
				1B6492A92427EDC700DEFBFE /* Category.swift in Sources */,
				1B6186AB2423F56600600255 /* MainViewCell.swift in Sources */,
				1B6186A32422B46C00600255 /* MainViewController.swift in Sources */,
				1B61867F241F9F8A00600255 /* SceneDelegate.swift in Sources */,
				1B6492AE24295DEC00DEFBFE /* ItemAndLogSearchBar.swift in Sources */,
			);
			runOnlyForDeploymentPostprocessing = 0;
		};
		1BD00439249B1B8000A271CA /* Sources */ = {
			isa = PBXSourcesBuildPhase;
			buildActionMask = 2147483647;
			files = (
				1BD00440249B1B8000A271CA /* NeedToMeasureDrinkTests.swift in Sources */,
			);
			runOnlyForDeploymentPostprocessing = 0;
		};
/* End PBXSourcesBuildPhase section */

/* Begin PBXTargetDependency section */
		1BD00443249B1B8000A271CA /* PBXTargetDependency */ = {
			isa = PBXTargetDependency;
			target = 1B618678241F9F8A00600255 /* NeedToMeasureDrink */;
			targetProxy = 1BD00442249B1B8000A271CA /* PBXContainerItemProxy */;
		};
/* End PBXTargetDependency section */

/* Begin PBXVariantGroup section */
		1B618682241F9F8A00600255 /* Main.storyboard */ = {
			isa = PBXVariantGroup;
			children = (
				1B618683241F9F8A00600255 /* Base */,
			);
			name = Main.storyboard;
			sourceTree = "<group>";
		};
		1B61868A241F9F8D00600255 /* LaunchScreen.storyboard */ = {
			isa = PBXVariantGroup;
			children = (
				1B61868B241F9F8D00600255 /* Base */,
			);
			name = LaunchScreen.storyboard;
			sourceTree = "<group>";
		};
/* End PBXVariantGroup section */

/* Begin XCBuildConfiguration section */
		1B61868E241F9F8D00600255 /* Debug */ = {
			isa = XCBuildConfiguration;
			buildSettings = {
				ALWAYS_SEARCH_USER_PATHS = NO;
				CLANG_ANALYZER_NONNULL = YES;
				CLANG_ANALYZER_NUMBER_OBJECT_CONVERSION = YES_AGGRESSIVE;
				CLANG_CXX_LANGUAGE_STANDARD = "gnu++14";
				CLANG_CXX_LIBRARY = "libc++";
				CLANG_ENABLE_MODULES = YES;
				CLANG_ENABLE_OBJC_ARC = YES;
				CLANG_ENABLE_OBJC_WEAK = YES;
				CLANG_WARN_BLOCK_CAPTURE_AUTORELEASING = YES;
				CLANG_WARN_BOOL_CONVERSION = YES;
				CLANG_WARN_COMMA = YES;
				CLANG_WARN_CONSTANT_CONVERSION = YES;
				CLANG_WARN_DEPRECATED_OBJC_IMPLEMENTATIONS = YES;
				CLANG_WARN_DIRECT_OBJC_ISA_USAGE = YES_ERROR;
				CLANG_WARN_DOCUMENTATION_COMMENTS = YES;
				CLANG_WARN_EMPTY_BODY = YES;
				CLANG_WARN_ENUM_CONVERSION = YES;
				CLANG_WARN_INFINITE_RECURSION = YES;
				CLANG_WARN_INT_CONVERSION = YES;
				CLANG_WARN_NON_LITERAL_NULL_CONVERSION = YES;
				CLANG_WARN_OBJC_IMPLICIT_RETAIN_SELF = YES;
				CLANG_WARN_OBJC_LITERAL_CONVERSION = YES;
				CLANG_WARN_OBJC_ROOT_CLASS = YES_ERROR;
				CLANG_WARN_RANGE_LOOP_ANALYSIS = YES;
				CLANG_WARN_STRICT_PROTOTYPES = YES;
				CLANG_WARN_SUSPICIOUS_MOVE = YES;
				CLANG_WARN_UNGUARDED_AVAILABILITY = YES_AGGRESSIVE;
				CLANG_WARN_UNREACHABLE_CODE = YES;
				CLANG_WARN__DUPLICATE_METHOD_MATCH = YES;
				COPY_PHASE_STRIP = NO;
				DEBUG_INFORMATION_FORMAT = dwarf;
				ENABLE_STRICT_OBJC_MSGSEND = YES;
				ENABLE_TESTABILITY = YES;
				GCC_C_LANGUAGE_STANDARD = gnu11;
				GCC_DYNAMIC_NO_PIC = NO;
				GCC_NO_COMMON_BLOCKS = YES;
				GCC_OPTIMIZATION_LEVEL = 0;
				GCC_PREPROCESSOR_DEFINITIONS = (
					"DEBUG=1",
					"$(inherited)",
				);
				GCC_WARN_64_TO_32_BIT_CONVERSION = YES;
				GCC_WARN_ABOUT_RETURN_TYPE = YES_ERROR;
				GCC_WARN_UNDECLARED_SELECTOR = YES;
				GCC_WARN_UNINITIALIZED_AUTOS = YES_AGGRESSIVE;
				GCC_WARN_UNUSED_FUNCTION = YES;
				GCC_WARN_UNUSED_VARIABLE = YES;
				IPHONEOS_DEPLOYMENT_TARGET = 13.2;
				MTL_ENABLE_DEBUG_INFO = INCLUDE_SOURCE;
				MTL_FAST_MATH = YES;
				ONLY_ACTIVE_ARCH = YES;
				SDKROOT = iphoneos;
				SWIFT_ACTIVE_COMPILATION_CONDITIONS = DEBUG;
				SWIFT_OPTIMIZATION_LEVEL = "-Onone";
			};
			name = Debug;
		};
		1B61868F241F9F8D00600255 /* Release */ = {
			isa = XCBuildConfiguration;
			buildSettings = {
				ALWAYS_SEARCH_USER_PATHS = NO;
				CLANG_ANALYZER_NONNULL = YES;
				CLANG_ANALYZER_NUMBER_OBJECT_CONVERSION = YES_AGGRESSIVE;
				CLANG_CXX_LANGUAGE_STANDARD = "gnu++14";
				CLANG_CXX_LIBRARY = "libc++";
				CLANG_ENABLE_MODULES = YES;
				CLANG_ENABLE_OBJC_ARC = YES;
				CLANG_ENABLE_OBJC_WEAK = YES;
				CLANG_WARN_BLOCK_CAPTURE_AUTORELEASING = YES;
				CLANG_WARN_BOOL_CONVERSION = YES;
				CLANG_WARN_COMMA = YES;
				CLANG_WARN_CONSTANT_CONVERSION = YES;
				CLANG_WARN_DEPRECATED_OBJC_IMPLEMENTATIONS = YES;
				CLANG_WARN_DIRECT_OBJC_ISA_USAGE = YES_ERROR;
				CLANG_WARN_DOCUMENTATION_COMMENTS = YES;
				CLANG_WARN_EMPTY_BODY = YES;
				CLANG_WARN_ENUM_CONVERSION = YES;
				CLANG_WARN_INFINITE_RECURSION = YES;
				CLANG_WARN_INT_CONVERSION = YES;
				CLANG_WARN_NON_LITERAL_NULL_CONVERSION = YES;
				CLANG_WARN_OBJC_IMPLICIT_RETAIN_SELF = YES;
				CLANG_WARN_OBJC_LITERAL_CONVERSION = YES;
				CLANG_WARN_OBJC_ROOT_CLASS = YES_ERROR;
				CLANG_WARN_RANGE_LOOP_ANALYSIS = YES;
				CLANG_WARN_STRICT_PROTOTYPES = YES;
				CLANG_WARN_SUSPICIOUS_MOVE = YES;
				CLANG_WARN_UNGUARDED_AVAILABILITY = YES_AGGRESSIVE;
				CLANG_WARN_UNREACHABLE_CODE = YES;
				CLANG_WARN__DUPLICATE_METHOD_MATCH = YES;
				COPY_PHASE_STRIP = NO;
				DEBUG_INFORMATION_FORMAT = "dwarf-with-dsym";
				ENABLE_NS_ASSERTIONS = NO;
				ENABLE_STRICT_OBJC_MSGSEND = YES;
				GCC_C_LANGUAGE_STANDARD = gnu11;
				GCC_NO_COMMON_BLOCKS = YES;
				GCC_WARN_64_TO_32_BIT_CONVERSION = YES;
				GCC_WARN_ABOUT_RETURN_TYPE = YES_ERROR;
				GCC_WARN_UNDECLARED_SELECTOR = YES;
				GCC_WARN_UNINITIALIZED_AUTOS = YES_AGGRESSIVE;
				GCC_WARN_UNUSED_FUNCTION = YES;
				GCC_WARN_UNUSED_VARIABLE = YES;
				IPHONEOS_DEPLOYMENT_TARGET = 13.2;
				MTL_ENABLE_DEBUG_INFO = NO;
				MTL_FAST_MATH = YES;
				SDKROOT = iphoneos;
				SWIFT_COMPILATION_MODE = wholemodule;
				SWIFT_OPTIMIZATION_LEVEL = "-O";
				VALIDATE_PRODUCT = YES;
			};
			name = Release;
		};
		1B618691241F9F8D00600255 /* Debug */ = {
			isa = XCBuildConfiguration;
			baseConfigurationReference = 9360350743363C7836CD23A5 /* Pods-NeedToMeasureDrink.debug.xcconfig */;
			buildSettings = {
				ASSETCATALOG_COMPILER_APPICON_NAME = AppIcon;
				CODE_SIGN_STYLE = Automatic;
				DEVELOPMENT_TEAM = L3ZPWB4HNK;
				INFOPLIST_FILE = NeedToMeasureDrink/Info.plist;
				LD_RUNPATH_SEARCH_PATHS = (
					"$(inherited)",
					"@executable_path/Frameworks",
				);
				PRODUCT_BUNDLE_IDENTIFIER = com.sanghwi.NeedToMeasureDrink;
				PRODUCT_NAME = "$(TARGET_NAME)";
				SWIFT_VERSION = 5.0;
				TARGETED_DEVICE_FAMILY = "1,2";
			};
			name = Debug;
		};
		1B618692241F9F8D00600255 /* Release */ = {
			isa = XCBuildConfiguration;
			baseConfigurationReference = EBFA1442B4626CABAD09EF5F /* Pods-NeedToMeasureDrink.release.xcconfig */;
			buildSettings = {
				ASSETCATALOG_COMPILER_APPICON_NAME = AppIcon;
				CODE_SIGN_STYLE = Automatic;
				DEVELOPMENT_TEAM = L3ZPWB4HNK;
				INFOPLIST_FILE = NeedToMeasureDrink/Info.plist;
				LD_RUNPATH_SEARCH_PATHS = (
					"$(inherited)",
					"@executable_path/Frameworks",
				);
				PRODUCT_BUNDLE_IDENTIFIER = com.sanghwi.NeedToMeasureDrink;
				PRODUCT_NAME = "$(TARGET_NAME)";
				SWIFT_VERSION = 5.0;
				TARGETED_DEVICE_FAMILY = "1,2";
			};
			name = Release;
		};
		1BD00444249B1B8000A271CA /* Debug */ = {
			isa = XCBuildConfiguration;
			baseConfigurationReference = A81CF5783C319204EB6624BA /* Pods-NeedToMeasureDrinkTests.debug.xcconfig */;
			buildSettings = {
				BUNDLE_LOADER = "$(TEST_HOST)";
				CODE_SIGN_STYLE = Automatic;
				DEVELOPMENT_TEAM = L3ZPWB4HNK;
				INFOPLIST_FILE = NeedToMeasureDrinkTests/Info.plist;
				IPHONEOS_DEPLOYMENT_TARGET = 13.5;
				LD_RUNPATH_SEARCH_PATHS = (
					"$(inherited)",
					"@executable_path/Frameworks",
					"@loader_path/Frameworks",
				);
				PRODUCT_BUNDLE_IDENTIFIER = com.sanghwi.NeedToMeasureDrinkTests;
				PRODUCT_NAME = "$(TARGET_NAME)";
				SWIFT_VERSION = 5.0;
				TARGETED_DEVICE_FAMILY = "1,2";
				TEST_HOST = "$(BUILT_PRODUCTS_DIR)/NeedToMeasureDrink.app/NeedToMeasureDrink";
			};
			name = Debug;
		};
		1BD00445249B1B8000A271CA /* Release */ = {
			isa = XCBuildConfiguration;
			baseConfigurationReference = E6CF18FECA02583BF1546731 /* Pods-NeedToMeasureDrinkTests.release.xcconfig */;
			buildSettings = {
				BUNDLE_LOADER = "$(TEST_HOST)";
				CODE_SIGN_STYLE = Automatic;
				DEVELOPMENT_TEAM = L3ZPWB4HNK;
				INFOPLIST_FILE = NeedToMeasureDrinkTests/Info.plist;
				IPHONEOS_DEPLOYMENT_TARGET = 13.5;
				LD_RUNPATH_SEARCH_PATHS = (
					"$(inherited)",
					"@executable_path/Frameworks",
					"@loader_path/Frameworks",
				);
				PRODUCT_BUNDLE_IDENTIFIER = com.sanghwi.NeedToMeasureDrinkTests;
				PRODUCT_NAME = "$(TARGET_NAME)";
				SWIFT_VERSION = 5.0;
				TARGETED_DEVICE_FAMILY = "1,2";
				TEST_HOST = "$(BUILT_PRODUCTS_DIR)/NeedToMeasureDrink.app/NeedToMeasureDrink";
			};
			name = Release;
		};
/* End XCBuildConfiguration section */

/* Begin XCConfigurationList section */
		1B618674241F9F8A00600255 /* Build configuration list for PBXProject "NeedToMeasureDrink" */ = {
			isa = XCConfigurationList;
			buildConfigurations = (
				1B61868E241F9F8D00600255 /* Debug */,
				1B61868F241F9F8D00600255 /* Release */,
			);
			defaultConfigurationIsVisible = 0;
			defaultConfigurationName = Release;
		};
		1B618690241F9F8D00600255 /* Build configuration list for PBXNativeTarget "NeedToMeasureDrink" */ = {
			isa = XCConfigurationList;
			buildConfigurations = (
				1B618691241F9F8D00600255 /* Debug */,
				1B618692241F9F8D00600255 /* Release */,
			);
			defaultConfigurationIsVisible = 0;
			defaultConfigurationName = Release;
		};
		1BD00446249B1B8000A271CA /* Build configuration list for PBXNativeTarget "NeedToMeasureDrinkTests" */ = {
			isa = XCConfigurationList;
			buildConfigurations = (
				1BD00444249B1B8000A271CA /* Debug */,
				1BD00445249B1B8000A271CA /* Release */,
			);
			defaultConfigurationIsVisible = 0;
			defaultConfigurationName = Release;
		};
/* End XCConfigurationList section */

/* Begin XCVersionGroup section */
		1B618685241F9F8A00600255 /* NeedToMeasureDrink.xcdatamodeld */ = {
			isa = XCVersionGroup;
			children = (
				1B618686241F9F8A00600255 /* NeedToMeasureDrink.xcdatamodel */,
			);
			currentVersion = 1B618686241F9F8A00600255 /* NeedToMeasureDrink.xcdatamodel */;
			path = NeedToMeasureDrink.xcdatamodeld;
			sourceTree = "<group>";
			versionGroupType = wrapper.xcdatamodel;
		};
/* End XCVersionGroup section */
	};
	rootObject = 1B618671241F9F8A00600255 /* Project object */;
}
